// !$*UTF8*$!
{
	archiveVersion = 1;
	classes = {
	};
	objectVersion = 50;
	objects = {

/* Begin PBXBuildFile section */
		A506A48326952C360085700E /* FructusApp.swift in Sources */ = {isa = PBXBuildFile; fileRef = A506A48226952C360085700E /* FructusApp.swift */; };
		A506A48526952C360085700E /* ContentView.swift in Sources */ = {isa = PBXBuildFile; fileRef = A506A48426952C360085700E /* ContentView.swift */; };
		A506A48726952C380085700E /* Assets.xcassets in Resources */ = {isa = PBXBuildFile; fileRef = A506A48626952C380085700E /* Assets.xcassets */; };
		A506A48A26952C380085700E /* Preview Assets.xcassets in Resources */ = {isa = PBXBuildFile; fileRef = A506A48926952C380085700E /* Preview Assets.xcassets */; };
		A51FAFA926E866F500B0171E /* FruitRowView.swift in Sources */ = {isa = PBXBuildFile; fileRef = A51FAFA826E866F500B0171E /* FruitRowView.swift */; };
		A51FAFAB26E86B4700B0171E /* FruitDetailView.swift in Sources */ = {isa = PBXBuildFile; fileRef = A51FAFAA26E86B4700B0171E /* FruitDetailView.swift */; };
		A524275D2697F5D400D3BC50 /* FruitCardView.swift in Sources */ = {isa = PBXBuildFile; fileRef = A524275C2697F5D400D3BC50 /* FruitCardView.swift */; };
		A524275F2698072E00D3BC50 /* StartButtonView.swift in Sources */ = {isa = PBXBuildFile; fileRef = A524275E2698072E00D3BC50 /* StartButtonView.swift */; };
		A524276126980E3700D3BC50 /* OnBoardingView.swift in Sources */ = {isa = PBXBuildFile; fileRef = A524276026980E3700D3BC50 /* OnBoardingView.swift */; };
		A536174026C7889900DAE77C /* FruitModel.swift in Sources */ = {isa = PBXBuildFile; fileRef = A536173F26C7889900DAE77C /* FruitModel.swift */; };
		A536174326C78D6700DAE77C /* FruitData.swift in Sources */ = {isa = PBXBuildFile; fileRef = A536174226C78D6700DAE77C /* FruitData.swift */; };
		A5BEACC826E870A2001C0F88 /* FruitHeaderView.swift in Sources */ = {isa = PBXBuildFile; fileRef = A5BEACC726E870A2001C0F88 /* FruitHeaderView.swift */; };
/* End PBXBuildFile section */

/* Begin PBXFileReference section */
		A506A47F26952C360085700E /* Fructus.app */ = {isa = PBXFileReference; explicitFileType = wrapper.application; includeInIndex = 0; path = Fructus.app; sourceTree = BUILT_PRODUCTS_DIR; };
		A506A48226952C360085700E /* FructusApp.swift */ = {isa = PBXFileReference; lastKnownFileType = sourcecode.swift; path = FructusApp.swift; sourceTree = "<group>"; };
		A506A48426952C360085700E /* ContentView.swift */ = {isa = PBXFileReference; lastKnownFileType = sourcecode.swift; path = ContentView.swift; sourceTree = "<group>"; };
		A506A48626952C380085700E /* Assets.xcassets */ = {isa = PBXFileReference; lastKnownFileType = folder.assetcatalog; path = Assets.xcassets; sourceTree = "<group>"; };
		A506A48926952C380085700E /* Preview Assets.xcassets */ = {isa = PBXFileReference; lastKnownFileType = folder.assetcatalog; path = "Preview Assets.xcassets"; sourceTree = "<group>"; };
		A506A48B26952C380085700E /* Info.plist */ = {isa = PBXFileReference; lastKnownFileType = text.plist.xml; path = Info.plist; sourceTree = "<group>"; };
		A51FAFA826E866F500B0171E /* FruitRowView.swift */ = {isa = PBXFileReference; lastKnownFileType = sourcecode.swift; path = FruitRowView.swift; sourceTree = "<group>"; };
		A51FAFAA26E86B4700B0171E /* FruitDetailView.swift */ = {isa = PBXFileReference; lastKnownFileType = sourcecode.swift; path = FruitDetailView.swift; sourceTree = "<group>"; };
		A524275C2697F5D400D3BC50 /* FruitCardView.swift */ = {isa = PBXFileReference; lastKnownFileType = sourcecode.swift; path = FruitCardView.swift; sourceTree = "<group>"; };
		A524275E2698072E00D3BC50 /* StartButtonView.swift */ = {isa = PBXFileReference; lastKnownFileType = sourcecode.swift; path = StartButtonView.swift; sourceTree = "<group>"; };
		A524276026980E3700D3BC50 /* OnBoardingView.swift */ = {isa = PBXFileReference; lastKnownFileType = sourcecode.swift; path = OnBoardingView.swift; sourceTree = "<group>"; };
		A536173F26C7889900DAE77C /* FruitModel.swift */ = {isa = PBXFileReference; lastKnownFileType = sourcecode.swift; path = FruitModel.swift; sourceTree = "<group>"; };
		A536174226C78D6700DAE77C /* FruitData.swift */ = {isa = PBXFileReference; lastKnownFileType = sourcecode.swift; path = FruitData.swift; sourceTree = "<group>"; };
		A5BEACC726E870A2001C0F88 /* FruitHeaderView.swift */ = {isa = PBXFileReference; lastKnownFileType = sourcecode.swift; path = FruitHeaderView.swift; sourceTree = "<group>"; };
/* End PBXFileReference section */

/* Begin PBXFrameworksBuildPhase section */
		A506A47C26952C360085700E /* Frameworks */ = {
			isa = PBXFrameworksBuildPhase;
			buildActionMask = 2147483647;
			files = (
			);
			runOnlyForDeploymentPostprocessing = 0;
		};
/* End PBXFrameworksBuildPhase section */

/* Begin PBXGroup section */
		A506A47626952C360085700E = {
			isa = PBXGroup;
			children = (
				A506A48126952C360085700E /* Fructus */,
				A506A48026952C360085700E /* Products */,
			);
			sourceTree = "<group>";
		};
		A506A48026952C360085700E /* Products */ = {
			isa = PBXGroup;
			children = (
				A506A47F26952C360085700E /* Fructus.app */,
			);
			name = Products;
			sourceTree = "<group>";
		};
		A506A48126952C360085700E /* Fructus */ = {
			isa = PBXGroup;
			children = (
				A536174126C78D5400DAE77C /* Data */,
				A536173E26C7888000DAE77C /* Model */,
				A524275B2697F5A000D3BC50 /* Views */,
				A506A48226952C360085700E /* FructusApp.swift */,
				A506A48426952C360085700E /* ContentView.swift */,
				A506A48626952C380085700E /* Assets.xcassets */,
				A506A48B26952C380085700E /* Info.plist */,
				A506A48826952C380085700E /* Preview Content */,
			);
			path = Fructus;
			sourceTree = "<group>";
		};
		A506A48826952C380085700E /* Preview Content */ = {
			isa = PBXGroup;
			children = (
				A506A48926952C380085700E /* Preview Assets.xcassets */,
			);
			path = "Preview Content";
			sourceTree = "<group>";
		};
		A524275B2697F5A000D3BC50 /* Views */ = {
			isa = PBXGroup;
			children = (
				A524275C2697F5D400D3BC50 /* FruitCardView.swift */,
				A524275E2698072E00D3BC50 /* StartButtonView.swift */,
				A524276026980E3700D3BC50 /* OnBoardingView.swift */,
				A51FAFA826E866F500B0171E /* FruitRowView.swift */,
				A51FAFAA26E86B4700B0171E /* FruitDetailView.swift */,
				A5BEACC726E870A2001C0F88 /* FruitHeaderView.swift */,
			);
			path = Views;
			sourceTree = "<group>";
		};
		A536173E26C7888000DAE77C /* Model */ = {
			isa = PBXGroup;
			children = (
				A536173F26C7889900DAE77C /* FruitModel.swift */,
			);
			path = Model;
			sourceTree = "<group>";
		};
		A536174126C78D5400DAE77C /* Data */ = {
			isa = PBXGroup;
			children = (
				A536174226C78D6700DAE77C /* FruitData.swift */,
			);
			path = Data;
			sourceTree = "<group>";
		};
/* End PBXGroup section */

/* Begin PBXNativeTarget section */
		A506A47E26952C360085700E /* Fructus */ = {
			isa = PBXNativeTarget;
			buildConfigurationList = A506A48E26952C380085700E /* Build configuration list for PBXNativeTarget "Fructus" */;
			buildPhases = (
				A506A47B26952C360085700E /* Sources */,
				A506A47C26952C360085700E /* Frameworks */,
				A506A47D26952C360085700E /* Resources */,
			);
			buildRules = (
			);
			dependencies = (
			);
			name = Fructus;
			productName = Fructus;
			productReference = A506A47F26952C360085700E /* Fructus.app */;
			productType = "com.apple.product-type.application";
		};
/* End PBXNativeTarget section */

/* Begin PBXProject section */
		A506A47726952C360085700E /* Project object */ = {
			isa = PBXProject;
			attributes = {
				LastSwiftUpdateCheck = 1250;
				LastUpgradeCheck = 1250;
				TargetAttributes = {
					A506A47E26952C360085700E = {
						CreatedOnToolsVersion = 12.5.1;
					};
				};
			};
			buildConfigurationList = A506A47A26952C360085700E /* Build configuration list for PBXProject "Fructus" */;
			compatibilityVersion = "Xcode 9.3";
			developmentRegion = en;
			hasScannedForEncodings = 0;
			knownRegions = (
				en,
				Base,
			);
			mainGroup = A506A47626952C360085700E;
			productRefGroup = A506A48026952C360085700E /* Products */;
			projectDirPath = "";
			projectRoot = "";
			targets = (
				A506A47E26952C360085700E /* Fructus */,
			);
		};
/* End PBXProject section */

/* Begin PBXResourcesBuildPhase section */
		A506A47D26952C360085700E /* Resources */ = {
			isa = PBXResourcesBuildPhase;
			buildActionMask = 2147483647;
			files = (
				A506A48A26952C380085700E /* Preview Assets.xcassets in Resources */,
				A506A48726952C380085700E /* Assets.xcassets in Resources */,
			);
			runOnlyForDeploymentPostprocessing = 0;
		};
/* End PBXResourcesBuildPhase section */

/* Begin PBXSourcesBuildPhase section */
		A506A47B26952C360085700E /* Sources */ = {
			isa = PBXSourcesBuildPhase;
			buildActionMask = 2147483647;
			files = (
				A536174326C78D6700DAE77C /* FruitData.swift in Sources */,
				A524275D2697F5D400D3BC50 /* FruitCardView.swift in Sources */,
				A51FAFA926E866F500B0171E /* FruitRowView.swift in Sources */,
				A524275F2698072E00D3BC50 /* StartButtonView.swift in Sources */,
				A51FAFAB26E86B4700B0171E /* FruitDetailView.swift in Sources */,
				A506A48526952C360085700E /* ContentView.swift in Sources */,
				A5BEACC826E870A2001C0F88 /* FruitHeaderView.swift in Sources */,
				A524276126980E3700D3BC50 /* OnBoardingView.swift in Sources */,
				A536174026C7889900DAE77C /* FruitModel.swift in Sources */,
				A506A48326952C360085700E /* FructusApp.swift in Sources */,
			);
			runOnlyForDeploymentPostprocessing = 0;
		};
/* End PBXSourcesBuildPhase section */

/* Begin XCBuildConfiguration section */
		A506A48C26952C380085700E /* Debug */ = {
			isa = XCBuildConfiguration;
			buildSettings = {
				ALWAYS_SEARCH_USER_PATHS = NO;
				CLANG_ANALYZER_NONNULL = YES;
				CLANG_ANALYZER_NUMBER_OBJECT_CONVERSION = YES_AGGRESSIVE;
				CLANG_CXX_LANGUAGE_STANDARD = "gnu++14";
				CLANG_CXX_LIBRARY = "libc++";
				CLANG_ENABLE_MODULES = YES;
				CLANG_ENABLE_OBJC_ARC = YES;
				CLANG_ENABLE_OBJC_WEAK = YES;
				CLANG_WARN_BLOCK_CAPTURE_AUTORELEASING = YES;
				CLANG_WARN_BOOL_CONVERSION = YES;
				CLANG_WARN_COMMA = YES;
				CLANG_WARN_CONSTANT_CONVERSION = YES;
				CLANG_WARN_DEPRECATED_OBJC_IMPLEMENTATIONS = YES;
				CLANG_WARN_DIRECT_OBJC_ISA_USAGE = YES_ERROR;
				CLANG_WARN_DOCUMENTATION_COMMENTS = YES;
				CLANG_WARN_EMPTY_BODY = YES;
				CLANG_WARN_ENUM_CONVERSION = YES;
				CLANG_WARN_INFINITE_RECURSION = YES;
				CLANG_WARN_INT_CONVERSION = YES;
				CLANG_WARN_NON_LITERAL_NULL_CONVERSION = YES;
				CLANG_WARN_OBJC_IMPLICIT_RETAIN_SELF = YES;
				CLANG_WARN_OBJC_LITERAL_CONVERSION = YES;
				CLANG_WARN_OBJC_ROOT_CLASS = YES_ERROR;
				CLANG_WARN_QUOTED_INCLUDE_IN_FRAMEWORK_HEADER = YES;
				CLANG_WARN_RANGE_LOOP_ANALYSIS = YES;
				CLANG_WARN_STRICT_PROTOTYPES = YES;
				CLANG_WARN_SUSPICIOUS_MOVE = YES;
				CLANG_WARN_UNGUARDED_AVAILABILITY = YES_AGGRESSIVE;
				CLANG_WARN_UNREACHABLE_CODE = YES;
				CLANG_WARN__DUPLICATE_METHOD_MATCH = YES;
				COPY_PHASE_STRIP = NO;
				DEBUG_INFORMATION_FORMAT = dwarf;
				ENABLE_STRICT_OBJC_MSGSEND = YES;
				ENABLE_TESTABILITY = YES;
				GCC_C_LANGUAGE_STANDARD = gnu11;
				GCC_DYNAMIC_NO_PIC = NO;
				GCC_NO_COMMON_BLOCKS = YES;
				GCC_OPTIMIZATION_LEVEL = 0;
				GCC_PREPROCESSOR_DEFINITIONS = (
					"DEBUG=1",
					"$(inherited)",
				);
				GCC_WARN_64_TO_32_BIT_CONVERSION = YES;
				GCC_WARN_ABOUT_RETURN_TYPE = YES_ERROR;
				GCC_WARN_UNDECLARED_SELECTOR = YES;
				GCC_WARN_UNINITIALIZED_AUTOS = YES_AGGRESSIVE;
				GCC_WARN_UNUSED_FUNCTION = YES;
				GCC_WARN_UNUSED_VARIABLE = YES;
				IPHONEOS_DEPLOYMENT_TARGET = 14.5;
				MTL_ENABLE_DEBUG_INFO = INCLUDE_SOURCE;
				MTL_FAST_MATH = YES;
				ONLY_ACTIVE_ARCH = YES;
				SDKROOT = iphoneos;
				SWIFT_ACTIVE_COMPILATION_CONDITIONS = DEBUG;
				SWIFT_OPTIMIZATION_LEVEL = "-Onone";
			};
			name = Debug;
		};
		A506A48D26952C380085700E /* Release */ = {
			isa = XCBuildConfiguration;
			buildSettings = {
				ALWAYS_SEARCH_USER_PATHS = NO;
				CLANG_ANALYZER_NONNULL = YES;
				CLANG_ANALYZER_NUMBER_OBJECT_CONVERSION = YES_AGGRESSIVE;
				CLANG_CXX_LANGUAGE_STANDARD = "gnu++14";
				CLANG_CXX_LIBRARY = "libc++";
				CLANG_ENABLE_MODULES = YES;
				CLANG_ENABLE_OBJC_ARC = YES;
				CLANG_ENABLE_OBJC_WEAK = YES;
				CLANG_WARN_BLOCK_CAPTURE_AUTORELEASING = YES;
				CLANG_WARN_BOOL_CONVERSION = YES;
				CLANG_WARN_COMMA = YES;
				CLANG_WARN_CONSTANT_CONVERSION = YES;
				CLANG_WARN_DEPRECATED_OBJC_IMPLEMENTATIONS = YES;
				CLANG_WARN_DIRECT_OBJC_ISA_USAGE = YES_ERROR;
				CLANG_WARN_DOCUMENTATION_COMMENTS = YES;
				CLANG_WARN_EMPTY_BODY = YES;
				CLANG_WARN_ENUM_CONVERSION = YES;
				CLANG_WARN_INFINITE_RECURSION = YES;
				CLANG_WARN_INT_CONVERSION = YES;
				CLANG_WARN_NON_LITERAL_NULL_CONVERSION = YES;
				CLANG_WARN_OBJC_IMPLICIT_RETAIN_SELF = YES;
				CLANG_WARN_OBJC_LITERAL_CONVERSION = YES;
				CLANG_WARN_OBJC_ROOT_CLASS = YES_ERROR;
				CLANG_WARN_QUOTED_INCLUDE_IN_FRAMEWORK_HEADER = YES;
				CLANG_WARN_RANGE_LOOP_ANALYSIS = YES;
				CLANG_WARN_STRICT_PROTOTYPES = YES;
				CLANG_WARN_SUSPICIOUS_MOVE = YES;
				CLANG_WARN_UNGUARDED_AVAILABILITY = YES_AGGRESSIVE;
				CLANG_WARN_UNREACHABLE_CODE = YES;
				CLANG_WARN__DUPLICATE_METHOD_MATCH = YES;
				COPY_PHASE_STRIP = NO;
				DEBUG_INFORMATION_FORMAT = "dwarf-with-dsym";
				ENABLE_NS_ASSERTIONS = NO;
				ENABLE_STRICT_OBJC_MSGSEND = YES;
				GCC_C_LANGUAGE_STANDARD = gnu11;
				GCC_NO_COMMON_BLOCKS = YES;
				GCC_WARN_64_TO_32_BIT_CONVERSION = YES;
				GCC_WARN_ABOUT_RETURN_TYPE = YES_ERROR;
				GCC_WARN_UNDECLARED_SELECTOR = YES;
				GCC_WARN_UNINITIALIZED_AUTOS = YES_AGGRESSIVE;
				GCC_WARN_UNUSED_FUNCTION = YES;
				GCC_WARN_UNUSED_VARIABLE = YES;
				IPHONEOS_DEPLOYMENT_TARGET = 14.5;
				MTL_ENABLE_DEBUG_INFO = NO;
				MTL_FAST_MATH = YES;
				SDKROOT = iphoneos;
				SWIFT_COMPILATION_MODE = wholemodule;
				SWIFT_OPTIMIZATION_LEVEL = "-O";
				VALIDATE_PRODUCT = YES;
			};
			name = Release;
		};
		A506A48F26952C380085700E /* Debug */ = {
			isa = XCBuildConfiguration;
			buildSettings = {
				ASSETCATALOG_COMPILER_APPICON_NAME = AppIcon;
				ASSETCATALOG_COMPILER_GLOBAL_ACCENT_COLOR_NAME = AccentColor;
				CODE_SIGN_STYLE = Automatic;
				DEVELOPMENT_ASSET_PATHS = "\"Fructus/Preview Content\"";
				DEVELOPMENT_TEAM = N74PUSUB38;
				ENABLE_PREVIEWS = YES;
				INFOPLIST_FILE = Fructus/Info.plist;
				IPHONEOS_DEPLOYMENT_TARGET = 14.0;
				LD_RUNPATH_SEARCH_PATHS = (
					"$(inherited)",
					"@executable_path/Frameworks",
				);
				PRODUCT_BUNDLE_IDENTIFIER = com.alexrojasb.Fructus;
				PRODUCT_NAME = "$(TARGET_NAME)";
				SWIFT_VERSION = 5.0;
				TARGETED_DEVICE_FAMILY = 1;
			};
			name = Debug;
		};
		A506A49026952C380085700E /* Release */ = {
			isa = XCBuildConfiguration;
			buildSettings = {
				ASSETCATALOG_COMPILER_APPICON_NAME = AppIcon;
				ASSETCATALOG_COMPILER_GLOBAL_ACCENT_COLOR_NAME = AccentColor;
				CODE_SIGN_STYLE = Automatic;
				DEVELOPMENT_ASSET_PATHS = "\"Fructus/Preview Content\"";
				DEVELOPMENT_TEAM = N74PUSUB38;
				ENABLE_PREVIEWS = YES;
				INFOPLIST_FILE = Fructus/Info.plist;
				IPHONEOS_DEPLOYMENT_TARGET = 14.0;
				LD_RUNPATH_SEARCH_PATHS = (
					"$(inherited)",
					"@executable_path/Frameworks",
				);
				PRODUCT_BUNDLE_IDENTIFIER = com.alexrojasb.Fructus;
				PRODUCT_NAME = "$(TARGET_NAME)";
				SWIFT_VERSION = 5.0;
				TARGETED_DEVICE_FAMILY = 1;
			};
			name = Release;
		};
/* End XCBuildConfiguration section */

/* Begin XCConfigurationList section */
		A506A47A26952C360085700E /* Build configuration list for PBXProject "Fructus" */ = {
			isa = XCConfigurationList;
			buildConfigurations = (
				A506A48C26952C380085700E /* Debug */,
				A506A48D26952C380085700E /* Release */,
			);
			defaultConfigurationIsVisible = 0;
			defaultConfigurationName = Release;
		};
		A506A48E26952C380085700E /* Build configuration list for PBXNativeTarget "Fructus" */ = {
			isa = XCConfigurationList;
			buildConfigurations = (
				A506A48F26952C380085700E /* Debug */,
				A506A49026952C380085700E /* Release */,
			);
			defaultConfigurationIsVisible = 0;
			defaultConfigurationName = Release;
		};
/* End XCConfigurationList section */
	};
	rootObject = A506A47726952C360085700E /* Project object */;
}
